
Microsoft Visual Studio Solution File, Format Version 12.00
# Visual Studio Version 17
VisualStudioVersion = 17.0.31903.59
MinimumVisualStudioVersion = 10.0.40219.1
Project("{2150E333-8FDC-42A3-9474-1A3956D46DE8}") = "src", "src", "{DFE0F325-C4EE-4F73-9980-0004D3A5BE82}"
EndProject
Project("{FAE04EC0-301F-11D3-BF4B-00C04F79EFBC}") = "NordAPI.Swish", "src\NordAPI.Swish\NordAPI.Swish.csproj", "{76F35990-40FF-4BA4-9331-65B6AF64107B}"
EndProject
Project("{2150E333-8FDC-42A3-9474-1A3956D46DE8}") = "tests", "tests", "{17E224F9-A957-4677-B540-E070A125A2B3}"
EndProject
Project("{FAE04EC0-301F-11D3-BF4B-00C04F79EFBC}") = "NordAPI.Swish.Tests", "tests\NordAPI.Swish.Tests\NordAPI.Swish.Tests.csproj", "{1076F587-D9FD-4F49-A93F-7E8530FF39D4}"
EndProject
Global
	GlobalSection(SolutionConfigurationPlatforms) = preSolution
		Debug|Any CPU = Debug|Any CPU
		Release|Any CPU = Release|Any CPU
	EndGlobalSection
	GlobalSection(SolutionProperties) = preSolution
		HideSolutionNode = FALSE
	EndGlobalSection
	GlobalSection(ProjectConfigurationPlatforms) = postSolution
		{76F35990-40FF-4BA4-9331-65B6AF64107B}.Debug|Any CPU.ActiveCfg = Debug|Any CPU
		{76F35990-40FF-4BA4-9331-65B6AF64107B}.Debug|Any CPU.Build.0 = Debug|Any CPU
		{76F35990-40FF-4BA4-9331-65B6AF64107B}.Release|Any CPU.ActiveCfg = Release|Any CPU
		{76F35990-40FF-4BA4-9331-65B6AF64107B}.Release|Any CPU.Build.0 = Release|Any CPU
		{1076F587-D9FD-4F49-A93F-7E8530FF39D4}.Debug|Any CPU.ActiveCfg = Debug|Any CPU
		{1076F587-D9FD-4F49-A93F-7E8530FF39D4}.Debug|Any CPU.Build.0 = Debug|Any CPU
		{1076F587-D9FD-4F49-A93F-7E8530FF39D4}.Release|Any CPU.ActiveCfg = Release|Any CPU
		{1076F587-D9FD-4F49-A93F-7E8530FF39D4}.Release|Any CPU.Build.0 = Release|Any CPU
	EndGlobalSection
	GlobalSection(NestedProjects) = preSolution
		{76F35990-40FF-4BA4-9331-65B6AF64107B} = {DFE0F325-C4EE-4F73-9980-0004D3A5BE82}
		{1076F587-D9FD-4F49-A93F-7E8530FF39D4} = {17E224F9-A957-4677-B540-E070A125A2B3}
	EndGlobalSection
EndGlobal
